
Microsoft Visual Studio Solution File, Format Version 12.00
# Visual Studio Version 17
VisualStudioVersion = 17.0.31903.59
MinimumVisualStudioVersion = 10.0.40219.1
Project("{2150E333-8FDC-42A3-9474-1A3956D46DE8}") = "src", "src", "{827E0CD3-B72D-47B6-A68D-7590B98EB39B}"
EndProject
Project("{FAE04EC0-301F-11D3-BF4B-00C04F79EFBC}") = "Api", "src\Api\Api.csproj", "{6CC11F8A-9063-4EC2-A344-7438C38C21C3}"
EndProject
Project("{FAE04EC0-301F-11D3-BF4B-00C04F79EFBC}") = "Application", "src\Application\Application.csproj", "{A7A793AA-9131-4049-B6AD-D26434825B38}"
EndProject
Project("{FAE04EC0-301F-11D3-BF4B-00C04F79EFBC}") = "Domain", "src\Domain\Domain.csproj", "{53835E43-B254-408F-8062-76708C4FAE21}"
EndProject
Project("{FAE04EC0-301F-11D3-BF4B-00C04F79EFBC}") = "Infrastructure", "src\Infrastructure\Infrastructure.csproj", "{1463A8C0-4848-4DC6-BC28-0DB180004514}"
EndProject
Global
	GlobalSection(SolutionConfigurationPlatforms) = preSolution
		Debug|Any CPU = Debug|Any CPU
		Debug|x64 = Debug|x64
		Debug|x86 = Debug|x86
		Release|Any CPU = Release|Any CPU
		Release|x64 = Release|x64
		Release|x86 = Release|x86
	EndGlobalSection
	GlobalSection(ProjectConfigurationPlatforms) = postSolution
		{6CC11F8A-9063-4EC2-A344-7438C38C21C3}.Debug|Any CPU.ActiveCfg = Debug|Any CPU
		{6CC11F8A-9063-4EC2-A344-7438C38C21C3}.Debug|Any CPU.Build.0 = Debug|Any CPU
		{6CC11F8A-9063-4EC2-A344-7438C38C21C3}.Debug|x64.ActiveCfg = Debug|Any CPU
		{6CC11F8A-9063-4EC2-A344-7438C38C21C3}.Debug|x64.Build.0 = Debug|Any CPU
		{6CC11F8A-9063-4EC2-A344-7438C38C21C3}.Debug|x86.ActiveCfg = Debug|Any CPU
		{6CC11F8A-9063-4EC2-A344-7438C38C21C3}.Debug|x86.Build.0 = Debug|Any CPU
		{6CC11F8A-9063-4EC2-A344-7438C38C21C3}.Release|Any CPU.ActiveCfg = Release|Any CPU
		{6CC11F8A-9063-4EC2-A344-7438C38C21C3}.Release|Any CPU.Build.0 = Release|Any CPU
		{6CC11F8A-9063-4EC2-A344-7438C38C21C3}.Release|x64.ActiveCfg = Release|Any CPU
		{6CC11F8A-9063-4EC2-A344-7438C38C21C3}.Release|x64.Build.0 = Release|Any CPU
		{6CC11F8A-9063-4EC2-A344-7438C38C21C3}.Release|x86.ActiveCfg = Release|Any CPU
		{6CC11F8A-9063-4EC2-A344-7438C38C21C3}.Release|x86.Build.0 = Release|Any CPU
		{A7A793AA-9131-4049-B6AD-D26434825B38}.Debug|Any CPU.ActiveCfg = Debug|Any CPU
		{A7A793AA-9131-4049-B6AD-D26434825B38}.Debug|Any CPU.Build.0 = Debug|Any CPU
		{A7A793AA-9131-4049-B6AD-D26434825B38}.Debug|x64.ActiveCfg = Debug|Any CPU
		{A7A793AA-9131-4049-B6AD-D26434825B38}.Debug|x64.Build.0 = Debug|Any CPU
		{A7A793AA-9131-4049-B6AD-D26434825B38}.Debug|x86.ActiveCfg = Debug|Any CPU
		{A7A793AA-9131-4049-B6AD-D26434825B38}.Debug|x86.Build.0 = Debug|Any CPU
		{A7A793AA-9131-4049-B6AD-D26434825B38}.Release|Any CPU.ActiveCfg = Release|Any CPU
		{A7A793AA-9131-4049-B6AD-D26434825B38}.Release|Any CPU.Build.0 = Release|Any CPU
		{A7A793AA-9131-4049-B6AD-D26434825B38}.Release|x64.ActiveCfg = Release|Any CPU
		{A7A793AA-9131-4049-B6AD-D26434825B38}.Release|x64.Build.0 = Release|Any CPU
		{A7A793AA-9131-4049-B6AD-D26434825B38}.Release|x86.ActiveCfg = Release|Any CPU
		{A7A793AA-9131-4049-B6AD-D26434825B38}.Release|x86.Build.0 = Release|Any CPU
		{53835E43-B254-408F-8062-76708C4FAE21}.Debug|Any CPU.ActiveCfg = Debug|Any CPU
		{53835E43-B254-408F-8062-76708C4FAE21}.Debug|Any CPU.Build.0 = Debug|Any CPU
		{53835E43-B254-408F-8062-76708C4FAE21}.Debug|x64.ActiveCfg = Debug|Any CPU
		{53835E43-B254-408F-8062-76708C4FAE21}.Debug|x64.Build.0 = Debug|Any CPU
		{53835E43-B254-408F-8062-76708C4FAE21}.Debug|x86.ActiveCfg = Debug|Any CPU
		{53835E43-B254-408F-8062-76708C4FAE21}.Debug|x86.Build.0 = Debug|Any CPU
		{53835E43-B254-408F-8062-76708C4FAE21}.Release|Any CPU.ActiveCfg = Release|Any CPU
		{53835E43-B254-408F-8062-76708C4FAE21}.Release|Any CPU.Build.0 = Release|Any CPU
		{53835E43-B254-408F-8062-76708C4FAE21}.Release|x64.ActiveCfg = Release|Any CPU
		{53835E43-B254-408F-8062-76708C4FAE21}.Release|x64.Build.0 = Release|Any CPU
		{53835E43-B254-408F-8062-76708C4FAE21}.Release|x86.ActiveCfg = Release|Any CPU
		{53835E43-B254-408F-8062-76708C4FAE21}.Release|x86.Build.0 = Release|Any CPU
		{1463A8C0-4848-4DC6-BC28-0DB180004514}.Debug|Any CPU.ActiveCfg = Debug|Any CPU
		{1463A8C0-4848-4DC6-BC28-0DB180004514}.Debug|Any CPU.Build.0 = Debug|Any CPU
		{1463A8C0-4848-4DC6-BC28-0DB180004514}.Debug|x64.ActiveCfg = Debug|Any CPU
		{1463A8C0-4848-4DC6-BC28-0DB180004514}.Debug|x64.Build.0 = Debug|Any CPU
		{1463A8C0-4848-4DC6-BC28-0DB180004514}.Debug|x86.ActiveCfg = Debug|Any CPU
		{1463A8C0-4848-4DC6-BC28-0DB180004514}.Debug|x86.Build.0 = Debug|Any CPU
		{1463A8C0-4848-4DC6-BC28-0DB180004514}.Release|Any CPU.ActiveCfg = Release|Any CPU
		{1463A8C0-4848-4DC6-BC28-0DB180004514}.Release|Any CPU.Build.0 = Release|Any CPU
		{1463A8C0-4848-4DC6-BC28-0DB180004514}.Release|x64.ActiveCfg = Release|Any CPU
		{1463A8C0-4848-4DC6-BC28-0DB180004514}.Release|x64.Build.0 = Release|Any CPU
		{1463A8C0-4848-4DC6-BC28-0DB180004514}.Release|x86.ActiveCfg = Release|Any CPU
		{1463A8C0-4848-4DC6-BC28-0DB180004514}.Release|x86.Build.0 = Release|Any CPU
	EndGlobalSection
	GlobalSection(SolutionProperties) = preSolution
		HideSolutionNode = FALSE
	EndGlobalSection
	GlobalSection(NestedProjects) = preSolution
		{6CC11F8A-9063-4EC2-A344-7438C38C21C3} = {827E0CD3-B72D-47B6-A68D-7590B98EB39B}
		{A7A793AA-9131-4049-B6AD-D26434825B38} = {827E0CD3-B72D-47B6-A68D-7590B98EB39B}
		{53835E43-B254-408F-8062-76708C4FAE21} = {827E0CD3-B72D-47B6-A68D-7590B98EB39B}
		{1463A8C0-4848-4DC6-BC28-0DB180004514} = {827E0CD3-B72D-47B6-A68D-7590B98EB39B}
	EndGlobalSection
EndGlobal
