Microsoft Visual Studio Solution File, Format Version 12.00
# Visual Studio Version 17
VisualStudioVersion = 17.5.2.0
MinimumVisualStudioVersion = 10.0.40219.1
Project("{FAE04EC0-301F-11D3-BF4B-00C04F79EFBC}") = "PresenceService", "PresenceService\PresenceService.csproj", "{4F6FE3F4-21B5-484B-37A0-796711DD5251}"
EndProject
Project("{2150E333-8FDC-42A3-9474-1A3956D46DE8}") = "AccountService", "AccountService", "{83A3FF5F-A694-8F5D-75DD-833784B0AE3C}"
EndProject
Project("{2150E333-8FDC-42A3-9474-1A3956D46DE8}") = "AuthService", "AuthService", "{54C27F26-71CB-9721-02CF-9E5332C2F895}"
EndProject
Project("{2150E333-8FDC-42A3-9474-1A3956D46DE8}") = "BattleService", "BattleService", "{B3A990AA-9437-E276-C973-2D746B55FA3B}"
EndProject
Project("{2150E333-8FDC-42A3-9474-1A3956D46DE8}") = "CardService", "CardService", "{C7C4E8C8-387C-B12C-70F5-5F131002FD88}"
EndProject
Project("{FAE04EC0-301F-11D3-BF4B-00C04F79EFBC}") = "Api", "AccountService\Api\Api.csproj", "{18343D18-6722-0959-3BA3-C3C4717AA57F}"
EndProject
Project("{FAE04EC0-301F-11D3-BF4B-00C04F79EFBC}") = "Application", "AccountService\Application\Application.csproj", "{114391BD-C025-93A0-E5A7-9F74E456F3C0}"
EndProject
Project("{FAE04EC0-301F-11D3-BF4B-00C04F79EFBC}") = "Domain", "AccountService\Domain\Domain.csproj", "{95C7446C-001B-CD2C-72A4-FFAE91B78825}"
EndProject
Project("{FAE04EC0-301F-11D3-BF4B-00C04F79EFBC}") = "Infrastructure", "AccountService\Infrastructure\Infrastructure.csproj", "{1C161C87-37C2-1B4E-DCBF-0DBCC5D3AAD3}"
EndProject
Project("{FAE04EC0-301F-11D3-BF4B-00C04F79EFBC}") = "Api", "AuthService\Api\Api.csproj", "{89F2AF96-BEAB-63DB-CA79-00E54BB40FB0}"
EndProject
Project("{FAE04EC0-301F-11D3-BF4B-00C04F79EFBC}") = "Application", "AuthService\Application\Application.csproj", "{E877F837-7306-269A-DB83-047A2548BDE6}"
EndProject
Project("{FAE04EC0-301F-11D3-BF4B-00C04F79EFBC}") = "Domain", "AuthService\Domain\Domain.csproj", "{93A0C3F1-310C-B09C-B8B0-ABC816B7EF19}"
EndProject
Project("{FAE04EC0-301F-11D3-BF4B-00C04F79EFBC}") = "Infrastructure", "AuthService\Infrastructure\Infrastructure.csproj", "{37FF7B9F-7C9E-B9DB-C8A3-5064FCC24403}"
EndProject
Project("{FAE04EC0-301F-11D3-BF4B-00C04F79EFBC}") = "Api", "BattleService\Api\Api.csproj", "{D6072C84-699B-59C0-3690-89060F52A758}"
EndProject
Project("{FAE04EC0-301F-11D3-BF4B-00C04F79EFBC}") = "Application", "BattleService\Application\Application.csproj", "{B07EFFEF-CD68-69CC-CF28-578DDF3E9721}"
EndProject
Project("{FAE04EC0-301F-11D3-BF4B-00C04F79EFBC}") = "Domain", "BattleService\Domain\Domain.csproj", "{AAE1FED9-2719-DE01-B6C1-55ED8608D86F}"
EndProject
Project("{FAE04EC0-301F-11D3-BF4B-00C04F79EFBC}") = "Infrastructure", "BattleService\Infrastructure\Infrastructure.csproj", "{79BBCD4C-1C0F-D0C2-AB16-D614AEF1104A}"
EndProject
Project("{FAE04EC0-301F-11D3-BF4B-00C04F79EFBC}") = "Api", "CardService\Api\Api.csproj", "{B212C22E-BDE1-FD0A-F102-D24C98842DDE}"
EndProject
Project("{FAE04EC0-301F-11D3-BF4B-00C04F79EFBC}") = "Application", "CardService\Application\Application.csproj", "{27852311-20B9-00EB-6407-83EE0359504B}"
EndProject
Project("{FAE04EC0-301F-11D3-BF4B-00C04F79EFBC}") = "Domain", "CardService\Domain\Domain.csproj", "{C123928F-09CB-453F-509D-B57D83672319}"
EndProject
Project("{FAE04EC0-301F-11D3-BF4B-00C04F79EFBC}") = "Infrastructure", "CardService\Infrastructure\Infrastructure.csproj", "{CD73BAA1-F95A-B6D3-64C9-CB366E67F396}"
EndProject
Global
	GlobalSection(SolutionConfigurationPlatforms) = preSolution
		Debug|Any CPU = Debug|Any CPU
		Release|Any CPU = Release|Any CPU
	EndGlobalSection
	GlobalSection(ProjectConfigurationPlatforms) = postSolution
		{4F6FE3F4-21B5-484B-37A0-796711DD5251}.Debug|Any CPU.ActiveCfg = Debug|Any CPU
		{4F6FE3F4-21B5-484B-37A0-796711DD5251}.Debug|Any CPU.Build.0 = Debug|Any CPU
		{4F6FE3F4-21B5-484B-37A0-796711DD5251}.Release|Any CPU.ActiveCfg = Release|Any CPU
		{4F6FE3F4-21B5-484B-37A0-796711DD5251}.Release|Any CPU.Build.0 = Release|Any CPU
		{18343D18-6722-0959-3BA3-C3C4717AA57F}.Debug|Any CPU.ActiveCfg = Debug|Any CPU
		{18343D18-6722-0959-3BA3-C3C4717AA57F}.Debug|Any CPU.Build.0 = Debug|Any CPU
		{18343D18-6722-0959-3BA3-C3C4717AA57F}.Release|Any CPU.ActiveCfg = Release|Any CPU
		{18343D18-6722-0959-3BA3-C3C4717AA57F}.Release|Any CPU.Build.0 = Release|Any CPU
		{114391BD-C025-93A0-E5A7-9F74E456F3C0}.Debug|Any CPU.ActiveCfg = Debug|Any CPU
		{114391BD-C025-93A0-E5A7-9F74E456F3C0}.Debug|Any CPU.Build.0 = Debug|Any CPU
		{114391BD-C025-93A0-E5A7-9F74E456F3C0}.Release|Any CPU.ActiveCfg = Release|Any CPU
		{114391BD-C025-93A0-E5A7-9F74E456F3C0}.Release|Any CPU.Build.0 = Release|Any CPU
		{95C7446C-001B-CD2C-72A4-FFAE91B78825}.Debug|Any CPU.ActiveCfg = Debug|Any CPU
		{95C7446C-001B-CD2C-72A4-FFAE91B78825}.Debug|Any CPU.Build.0 = Debug|Any CPU
		{95C7446C-001B-CD2C-72A4-FFAE91B78825}.Release|Any CPU.ActiveCfg = Release|Any CPU
		{95C7446C-001B-CD2C-72A4-FFAE91B78825}.Release|Any CPU.Build.0 = Release|Any CPU
		{1C161C87-37C2-1B4E-DCBF-0DBCC5D3AAD3}.Debug|Any CPU.ActiveCfg = Debug|Any CPU
		{1C161C87-37C2-1B4E-DCBF-0DBCC5D3AAD3}.Debug|Any CPU.Build.0 = Debug|Any CPU
		{1C161C87-37C2-1B4E-DCBF-0DBCC5D3AAD3}.Release|Any CPU.ActiveCfg = Release|Any CPU
		{1C161C87-37C2-1B4E-DCBF-0DBCC5D3AAD3}.Release|Any CPU.Build.0 = Release|Any CPU
		{89F2AF96-BEAB-63DB-CA79-00E54BB40FB0}.Debug|Any CPU.ActiveCfg = Debug|Any CPU
		{89F2AF96-BEAB-63DB-CA79-00E54BB40FB0}.Debug|Any CPU.Build.0 = Debug|Any CPU
		{89F2AF96-BEAB-63DB-CA79-00E54BB40FB0}.Release|Any CPU.ActiveCfg = Release|Any CPU
		{89F2AF96-BEAB-63DB-CA79-00E54BB40FB0}.Release|Any CPU.Build.0 = Release|Any CPU
		{E877F837-7306-269A-DB83-047A2548BDE6}.Debug|Any CPU.ActiveCfg = Debug|Any CPU
		{E877F837-7306-269A-DB83-047A2548BDE6}.Debug|Any CPU.Build.0 = Debug|Any CPU
		{E877F837-7306-269A-DB83-047A2548BDE6}.Release|Any CPU.ActiveCfg = Release|Any CPU
		{E877F837-7306-269A-DB83-047A2548BDE6}.Release|Any CPU.Build.0 = Release|Any CPU
		{93A0C3F1-310C-B09C-B8B0-ABC816B7EF19}.Debug|Any CPU.ActiveCfg = Debug|Any CPU
		{93A0C3F1-310C-B09C-B8B0-ABC816B7EF19}.Debug|Any CPU.Build.0 = Debug|Any CPU
		{93A0C3F1-310C-B09C-B8B0-ABC816B7EF19}.Release|Any CPU.ActiveCfg = Release|Any CPU
		{93A0C3F1-310C-B09C-B8B0-ABC816B7EF19}.Release|Any CPU.Build.0 = Release|Any CPU
		{37FF7B9F-7C9E-B9DB-C8A3-5064FCC24403}.Debug|Any CPU.ActiveCfg = Debug|Any CPU
		{37FF7B9F-7C9E-B9DB-C8A3-5064FCC24403}.Debug|Any CPU.Build.0 = Debug|Any CPU
		{37FF7B9F-7C9E-B9DB-C8A3-5064FCC24403}.Release|Any CPU.ActiveCfg = Release|Any CPU
		{37FF7B9F-7C9E-B9DB-C8A3-5064FCC24403}.Release|Any CPU.Build.0 = Release|Any CPU
		{D6072C84-699B-59C0-3690-89060F52A758}.Debug|Any CPU.ActiveCfg = Debug|Any CPU
		{D6072C84-699B-59C0-3690-89060F52A758}.Debug|Any CPU.Build.0 = Debug|Any CPU
		{D6072C84-699B-59C0-3690-89060F52A758}.Release|Any CPU.ActiveCfg = Release|Any CPU
		{D6072C84-699B-59C0-3690-89060F52A758}.Release|Any CPU.Build.0 = Release|Any CPU
		{B07EFFEF-CD68-69CC-CF28-578DDF3E9721}.Debug|Any CPU.ActiveCfg = Debug|Any CPU
		{B07EFFEF-CD68-69CC-CF28-578DDF3E9721}.Debug|Any CPU.Build.0 = Debug|Any CPU
		{B07EFFEF-CD68-69CC-CF28-578DDF3E9721}.Release|Any CPU.ActiveCfg = Release|Any CPU
		{B07EFFEF-CD68-69CC-CF28-578DDF3E9721}.Release|Any CPU.Build.0 = Release|Any CPU
		{AAE1FED9-2719-DE01-B6C1-55ED8608D86F}.Debug|Any CPU.ActiveCfg = Debug|Any CPU
		{AAE1FED9-2719-DE01-B6C1-55ED8608D86F}.Debug|Any CPU.Build.0 = Debug|Any CPU
		{AAE1FED9-2719-DE01-B6C1-55ED8608D86F}.Release|Any CPU.ActiveCfg = Release|Any CPU
		{AAE1FED9-2719-DE01-B6C1-55ED8608D86F}.Release|Any CPU.Build.0 = Release|Any CPU
		{79BBCD4C-1C0F-D0C2-AB16-D614AEF1104A}.Debug|Any CPU.ActiveCfg = Debug|Any CPU
		{79BBCD4C-1C0F-D0C2-AB16-D614AEF1104A}.Debug|Any CPU.Build.0 = Debug|Any CPU
		{79BBCD4C-1C0F-D0C2-AB16-D614AEF1104A}.Release|Any CPU.ActiveCfg = Release|Any CPU
		{79BBCD4C-1C0F-D0C2-AB16-D614AEF1104A}.Release|Any CPU.Build.0 = Release|Any CPU
		{B212C22E-BDE1-FD0A-F102-D24C98842DDE}.Debug|Any CPU.ActiveCfg = Debug|Any CPU
		{B212C22E-BDE1-FD0A-F102-D24C98842DDE}.Debug|Any CPU.Build.0 = Debug|Any CPU
		{B212C22E-BDE1-FD0A-F102-D24C98842DDE}.Release|Any CPU.ActiveCfg = Release|Any CPU
		{B212C22E-BDE1-FD0A-F102-D24C98842DDE}.Release|Any CPU.Build.0 = Release|Any CPU
		{27852311-20B9-00EB-6407-83EE0359504B}.Debug|Any CPU.ActiveCfg = Debug|Any CPU
		{27852311-20B9-00EB-6407-83EE0359504B}.Debug|Any CPU.Build.0 = Debug|Any CPU
		{27852311-20B9-00EB-6407-83EE0359504B}.Release|Any CPU.ActiveCfg = Release|Any CPU
		{27852311-20B9-00EB-6407-83EE0359504B}.Release|Any CPU.Build.0 = Release|Any CPU
		{C123928F-09CB-453F-509D-B57D83672319}.Debug|Any CPU.ActiveCfg = Debug|Any CPU
		{C123928F-09CB-453F-509D-B57D83672319}.Debug|Any CPU.Build.0 = Debug|Any CPU
		{C123928F-09CB-453F-509D-B57D83672319}.Release|Any CPU.ActiveCfg = Release|Any CPU
		{C123928F-09CB-453F-509D-B57D83672319}.Release|Any CPU.Build.0 = Release|Any CPU
		{CD73BAA1-F95A-B6D3-64C9-CB366E67F396}.Debug|Any CPU.ActiveCfg = Debug|Any CPU
		{CD73BAA1-F95A-B6D3-64C9-CB366E67F396}.Debug|Any CPU.Build.0 = Debug|Any CPU
		{CD73BAA1-F95A-B6D3-64C9-CB366E67F396}.Release|Any CPU.ActiveCfg = Release|Any CPU
		{CD73BAA1-F95A-B6D3-64C9-CB366E67F396}.Release|Any CPU.Build.0 = Release|Any CPU
	EndGlobalSection
	GlobalSection(SolutionProperties) = preSolution
		HideSolutionNode = FALSE
	EndGlobalSection
	GlobalSection(NestedProjects) = preSolution
		{18343D18-6722-0959-3BA3-C3C4717AA57F} = {83A3FF5F-A694-8F5D-75DD-833784B0AE3C}
		{114391BD-C025-93A0-E5A7-9F74E456F3C0} = {83A3FF5F-A694-8F5D-75DD-833784B0AE3C}
		{95C7446C-001B-CD2C-72A4-FFAE91B78825} = {83A3FF5F-A694-8F5D-75DD-833784B0AE3C}
		{1C161C87-37C2-1B4E-DCBF-0DBCC5D3AAD3} = {83A3FF5F-A694-8F5D-75DD-833784B0AE3C}
		{89F2AF96-BEAB-63DB-CA79-00E54BB40FB0} = {54C27F26-71CB-9721-02CF-9E5332C2F895}
		{E877F837-7306-269A-DB83-047A2548BDE6} = {54C27F26-71CB-9721-02CF-9E5332C2F895}
		{93A0C3F1-310C-B09C-B8B0-ABC816B7EF19} = {54C27F26-71CB-9721-02CF-9E5332C2F895}
		{37FF7B9F-7C9E-B9DB-C8A3-5064FCC24403} = {54C27F26-71CB-9721-02CF-9E5332C2F895}
		{D6072C84-699B-59C0-3690-89060F52A758} = {B3A990AA-9437-E276-C973-2D746B55FA3B}
		{B07EFFEF-CD68-69CC-CF28-578DDF3E9721} = {B3A990AA-9437-E276-C973-2D746B55FA3B}
		{AAE1FED9-2719-DE01-B6C1-55ED8608D86F} = {B3A990AA-9437-E276-C973-2D746B55FA3B}
		{79BBCD4C-1C0F-D0C2-AB16-D614AEF1104A} = {B3A990AA-9437-E276-C973-2D746B55FA3B}
		{B212C22E-BDE1-FD0A-F102-D24C98842DDE} = {C7C4E8C8-387C-B12C-70F5-5F131002FD88}
		{27852311-20B9-00EB-6407-83EE0359504B} = {C7C4E8C8-387C-B12C-70F5-5F131002FD88}
		{C123928F-09CB-453F-509D-B57D83672319} = {C7C4E8C8-387C-B12C-70F5-5F131002FD88}
		{CD73BAA1-F95A-B6D3-64C9-CB366E67F396} = {C7C4E8C8-387C-B12C-70F5-5F131002FD88}
	EndGlobalSection
	GlobalSection(ExtensibilityGlobals) = postSolution
		SolutionGuid = {60E09262-23C5-4488-B435-6EF8EBD0C738}
	EndGlobalSection
EndGlobal
